
Microsoft Visual Studio Solution File, Format Version 12.00
# Visual Studio 14
VisualStudioVersion = 14.0.25420.1
MinimumVisualStudioVersion = 10.0.40219.1
Project("{FAE04EC0-301F-11D3-BF4B-00C04F79EFBC}") = "DistributionSolution", "DistributionSolution\DistributionSolution.csproj", "{F091AA06-5863-4D0B-84C3-ABE47EB3E566}"
EndProject
Project("{FAE04EC0-301F-11D3-BF4B-00C04F79EFBC}") = "DistributionSolutionTests", "DistributionSolutionTests\DistributionSolutionTests.csproj", "{FD0DFC28-FE5A-458E-9EC9-07C07C6F0FC7}"
EndProject
Global
	GlobalSection(SolutionConfigurationPlatforms) = preSolution
		Debug|Any CPU = Debug|Any CPU
		Release|Any CPU = Release|Any CPU
	EndGlobalSection
	GlobalSection(ProjectConfigurationPlatforms) = postSolution
		{F091AA06-5863-4D0B-84C3-ABE47EB3E566}.Debug|Any CPU.ActiveCfg = Debug|Any CPU
		{F091AA06-5863-4D0B-84C3-ABE47EB3E566}.Debug|Any CPU.Build.0 = Debug|Any CPU
		{F091AA06-5863-4D0B-84C3-ABE47EB3E566}.Release|Any CPU.ActiveCfg = Release|Any CPU
		{F091AA06-5863-4D0B-84C3-ABE47EB3E566}.Release|Any CPU.Build.0 = Release|Any CPU
		{FD0DFC28-FE5A-458E-9EC9-07C07C6F0FC7}.Debug|Any CPU.ActiveCfg = Debug|Any CPU
		{FD0DFC28-FE5A-458E-9EC9-07C07C6F0FC7}.Debug|Any CPU.Build.0 = Debug|Any CPU
		{FD0DFC28-FE5A-458E-9EC9-07C07C6F0FC7}.Release|Any CPU.ActiveCfg = Release|Any CPU
		{FD0DFC28-FE5A-458E-9EC9-07C07C6F0FC7}.Release|Any CPU.Build.0 = Release|Any CPU
	EndGlobalSection
	GlobalSection(SolutionProperties) = preSolution
		HideSolutionNode = FALSE
	EndGlobalSection
EndGlobal
